
Microsoft Visual Studio Solution File, Format Version 12.00
# Visual Studio Version 17
VisualStudioVersion = 17.4.33213.308
MinimumVisualStudioVersion = 10.0.40219.1
Project("{FAE04EC0-301F-11D3-BF4B-00C04F79EFBC}") = "cSharp Starter Assignment", "cSharp Starter Assignment\cSharp Starter Assignment.csproj", "{8334C3E6-2D91-4615-888E-BE0B6A9B221B}"
EndProject
Global
	GlobalSection(SolutionConfigurationPlatforms) = preSolution
		Debug|Any CPU = Debug|Any CPU
		Release|Any CPU = Release|Any CPU
	EndGlobalSection
	GlobalSection(ProjectConfigurationPlatforms) = postSolution
		{8334C3E6-2D91-4615-888E-BE0B6A9B221B}.Debug|Any CPU.ActiveCfg = Debug|Any CPU
		{8334C3E6-2D91-4615-888E-BE0B6A9B221B}.Debug|Any CPU.Build.0 = Debug|Any CPU
		{8334C3E6-2D91-4615-888E-BE0B6A9B221B}.Release|Any CPU.ActiveCfg = Release|Any CPU
		{8334C3E6-2D91-4615-888E-BE0B6A9B221B}.Release|Any CPU.Build.0 = Release|Any CPU
	EndGlobalSection
	GlobalSection(SolutionProperties) = preSolution
		HideSolutionNode = FALSE
	EndGlobalSection
	GlobalSection(ExtensibilityGlobals) = postSolution
		SolutionGuid = {DDD6A26C-0EED-46C3-AD9C-3136487E7697}
	EndGlobalSection
EndGlobal
